
Microsoft Visual Studio Solution File, Format Version 12.00
# Visual Studio Version 17
VisualStudioVersion = 17.7.34031.279
MinimumVisualStudioVersion = 10.0.40219.1
Project("{FAE04EC0-301F-11D3-BF4B-00C04F79EFBC}") = "Sales.Shared", "Sales.Shared\Sales.Shared.csproj", "{906E357F-5862-457C-9476-68EE8EDD6B29}"
EndProject
Project("{FAE04EC0-301F-11D3-BF4B-00C04F79EFBC}") = "Sales.API", "Sales.API\Sales.API.csproj", "{9245EC04-7E0E-4D55-95C8-374B3B98C122}"
EndProject
Project("{FAE04EC0-301F-11D3-BF4B-00C04F79EFBC}") = "Blazor.WEB", "Blazor.WEB\Blazor.WEB.csproj", "{235BE561-2B3B-454F-B1C5-DD4AAFA607EC}"
EndProject
Project("{FAE04EC0-301F-11D3-BF4B-00C04F79EFBC}") = "Sales.Mobile", "Sales.Mobile\Sales.Mobile.csproj", "{F9708AB3-EB8E-4262-B047-3BE23BA7C8BD}"
EndProject
Global
	GlobalSection(SolutionConfigurationPlatforms) = preSolution
		Debug|Any CPU = Debug|Any CPU
		Release|Any CPU = Release|Any CPU
	EndGlobalSection
	GlobalSection(ProjectConfigurationPlatforms) = postSolution
		{906E357F-5862-457C-9476-68EE8EDD6B29}.Debug|Any CPU.ActiveCfg = Debug|Any CPU
		{906E357F-5862-457C-9476-68EE8EDD6B29}.Debug|Any CPU.Build.0 = Debug|Any CPU
		{906E357F-5862-457C-9476-68EE8EDD6B29}.Release|Any CPU.ActiveCfg = Release|Any CPU
		{906E357F-5862-457C-9476-68EE8EDD6B29}.Release|Any CPU.Build.0 = Release|Any CPU
		{9245EC04-7E0E-4D55-95C8-374B3B98C122}.Debug|Any CPU.ActiveCfg = Debug|Any CPU
		{9245EC04-7E0E-4D55-95C8-374B3B98C122}.Debug|Any CPU.Build.0 = Debug|Any CPU
		{9245EC04-7E0E-4D55-95C8-374B3B98C122}.Release|Any CPU.ActiveCfg = Release|Any CPU
		{9245EC04-7E0E-4D55-95C8-374B3B98C122}.Release|Any CPU.Build.0 = Release|Any CPU
		{235BE561-2B3B-454F-B1C5-DD4AAFA607EC}.Debug|Any CPU.ActiveCfg = Debug|Any CPU
		{235BE561-2B3B-454F-B1C5-DD4AAFA607EC}.Debug|Any CPU.Build.0 = Debug|Any CPU
		{235BE561-2B3B-454F-B1C5-DD4AAFA607EC}.Release|Any CPU.ActiveCfg = Release|Any CPU
		{235BE561-2B3B-454F-B1C5-DD4AAFA607EC}.Release|Any CPU.Build.0 = Release|Any CPU
		{F9708AB3-EB8E-4262-B047-3BE23BA7C8BD}.Debug|Any CPU.ActiveCfg = Debug|Any CPU
		{F9708AB3-EB8E-4262-B047-3BE23BA7C8BD}.Debug|Any CPU.Build.0 = Debug|Any CPU
		{F9708AB3-EB8E-4262-B047-3BE23BA7C8BD}.Debug|Any CPU.Deploy.0 = Debug|Any CPU
		{F9708AB3-EB8E-4262-B047-3BE23BA7C8BD}.Release|Any CPU.ActiveCfg = Release|Any CPU
		{F9708AB3-EB8E-4262-B047-3BE23BA7C8BD}.Release|Any CPU.Build.0 = Release|Any CPU
		{F9708AB3-EB8E-4262-B047-3BE23BA7C8BD}.Release|Any CPU.Deploy.0 = Release|Any CPU
	EndGlobalSection
	GlobalSection(SolutionProperties) = preSolution
		HideSolutionNode = FALSE
	EndGlobalSection
	GlobalSection(ExtensibilityGlobals) = postSolution
		SolutionGuid = {55D45578-36F8-4BD5-A7F3-1E7A0AD3DC1D}
	EndGlobalSection
EndGlobal
